{
    "requires": true,
    "lockfileVersion": 1,
    "dependencies": {
        "gza": {
            "version": "1.9.0",
            "resolved": "https://registry.npmjs.org/gza/-/gza-1.9.0.tgz",
            "integrity": "sha512-rg7dv/FHSqlfivxDnYPIuzLvHJJpgGwd5di8C3Lc135TTEw63KW3kMm1R5RLtSDEsB1kywqwJas/MJGk4NA2Mg==",
            "requires": {
                "raekwon": "2.0.0",
                "rza": "2.7.0"
            }
        },
        "raekwon": {
            "version": "2.0.0",
            "resolved": "https://registry.npmjs.org/raekwon/-/raekwon-2.0.0.tgz",
            "integrity": "sha512-EeF8YUHvcdUJgGSWkD5QBJ1a5TCuMZCdAuTwP2ax2tvZrsM6v8KjtBHEtlzj6Y1jhWfvVLDgo2LE0uIQKVkNqA==",
            "requires": {
                "setimmediate": "1.0.5"
            }
        },
        "rza": {
            "version": "2.7.0",
            "resolved": "https://registry.npmjs.org/rza/-/rza-2.7.0.tgz",
            "integrity": "sha512-4JZZgXajliHH6MYOEFHBUREJl9k2TRQgMLlWOz0qlNT5aocudtpKAJ1wbwAW0quPGddgPhnsgjChspx0hOXv+w==",
            "requires": {
                "raekwon": "2.0.0",
                "setimmediate": "1.0.5"
            }
        },
        "setimmediate": {
            "version": "1.0.5",
            "resolved": "https://registry.npmjs.org/setimmediate/-/setimmediate-1.0.5.tgz",
            "integrity": "sha1-KQy7Iy4waULX1+qbg3Mqt4VvgoU="
        }
    }
}
